version = 1
revision = 1
requires-python = ">=3.10"

[[package]]
name = "pypinyin"
version = "0.54.0"
source = { registry = "https://pypi.org/simple" }
sdist = { url = "https://files.pythonhosted.org/packages/c9/7f/81cb5416ddacfeccca8eeedcd3543a72b093b26d9c4ca7bde8beea733e4e/pypinyin-0.54.0.tar.gz", hash = "sha256:9ab0d07ff51d191529e22134a60e109d0526d80b7a80afa73da4c89521610958", size = 837455 }
wheels = [
    { url = "https://files.pythonhosted.org/packages/b6/ec/2c04ac863e7a85bb68b0b655cec2f19853d51d305ce3d785848db6037b8d/pypinyin-0.54.0-py2.py3-none-any.whl", hash = "sha256:5f776f19b9fd922e4121a114810b22048d90e6e8037fb1c07f4c40f987ae6e7a", size = 837012 },
]

[[package]]
name = "serpentkit"
version = "0.1.0"
source = { editable = "." }
dependencies = [
    { name = "pypinyin" },
    { name = "vierror" },
]

[package.metadata]
requires-dist = [
    { name = "pypinyin", specifier = ">=0.54.0" },
    { name = "vierror", specifier = ">=0.0.2" },
]

[[package]]
name = "vierror"
version = "0.0.2"
source = { registry = "https://pypi.org/simple" }
sdist = { url = "https://files.pythonhosted.org/packages/92/81/59f2c06717159abde0c88ddc1707a0bf7455ab4c0c32d0a6db27dccfa9d3/vierror-0.0.2.tar.gz", hash = "sha256:bd813d194f67f1558fbd16482d7a00b95ab682a1fd17a601766c9ca68e4ce14b", size = 1634 }
wheels = [
    { url = "https://files.pythonhosted.org/packages/fc/77/b61f14d5df15194460cb7ea7265bba679b06f2e682335e48c484ca053cb5/vierror-0.0.2-py3-none-any.whl", hash = "sha256:b62d068e7ec28bd8b1e3e8bc2d6073c2c00ecbfcec5fb861bfe82958cff86667", size = 2742 },
]
