
Microsoft Visual Studio Solution File, Format Version 12.00
# Visual Studio Version 17
VisualStudioVersion = 17.13.35825.156
MinimumVisualStudioVersion = 10.0.40219.1
Project("{8BC9CEB8-8B4A-11D0-8D11-00A0C91BC942}") = "DllProxy", "DllProxy.vcxproj", "{EA42C252-6805-4CFB-980F-107C1C87B5AE}"
EndProject
Global
	GlobalSection(SolutionConfigurationPlatforms) = preSolution
		Debug|ARM = Debug|ARM
		Debug|ARM64 = Debug|ARM64
		Debug|x64 = Debug|x64
		Debug|x86 = Debug|x86
		Release|ARM = Release|ARM
		Release|ARM64 = Release|ARM64
		Release|x64 = Release|x64
		Release|x86 = Release|x86
	EndGlobalSection
	GlobalSection(ProjectConfigurationPlatforms) = postSolution
		{EA42C252-6805-4CFB-980F-107C1C87B5AE}.Debug|ARM.ActiveCfg = Debug|ARM
		{EA42C252-6805-4CFB-980F-107C1C87B5AE}.Debug|ARM.Build.0 = Debug|ARM
		{EA42C252-6805-4CFB-980F-107C1C87B5AE}.Debug|ARM64.ActiveCfg = Debug|ARM64
		{EA42C252-6805-4CFB-980F-107C1C87B5AE}.Debug|ARM64.Build.0 = Debug|ARM64
		{EA42C252-6805-4CFB-980F-107C1C87B5AE}.Debug|x64.ActiveCfg = Debug|x64
		{EA42C252-6805-4CFB-980F-107C1C87B5AE}.Debug|x64.Build.0 = Debug|x64
		{EA42C252-6805-4CFB-980F-107C1C87B5AE}.Debug|x86.ActiveCfg = Debug|Win32
		{EA42C252-6805-4CFB-980F-107C1C87B5AE}.Debug|x86.Build.0 = Debug|Win32
		{EA42C252-6805-4CFB-980F-107C1C87B5AE}.Release|ARM.ActiveCfg = Release|ARM
		{EA42C252-6805-4CFB-980F-107C1C87B5AE}.Release|ARM.Build.0 = Release|ARM
		{EA42C252-6805-4CFB-980F-107C1C87B5AE}.Release|ARM64.ActiveCfg = Release|ARM64
		{EA42C252-6805-4CFB-980F-107C1C87B5AE}.Release|ARM64.Build.0 = Release|ARM64
		{EA42C252-6805-4CFB-980F-107C1C87B5AE}.Release|x64.ActiveCfg = Release|x64
		{EA42C252-6805-4CFB-980F-107C1C87B5AE}.Release|x64.Build.0 = Release|x64
		{EA42C252-6805-4CFB-980F-107C1C87B5AE}.Release|x86.ActiveCfg = Release|Win32
		{EA42C252-6805-4CFB-980F-107C1C87B5AE}.Release|x86.Build.0 = Release|Win32
	EndGlobalSection
	GlobalSection(SolutionProperties) = preSolution
		HideSolutionNode = FALSE
	EndGlobalSection
	GlobalSection(ExtensibilityGlobals) = postSolution
		SolutionGuid = {FF7C735E-0961-4207-B498-6368B47E7BED}
	EndGlobalSection
EndGlobal
