<?xml version="1.0" encoding="utf-8"?>
<Project ToolsVersion="4.0" xmlns="http://schemas.microsoft.com/developer/msbuild/2003">
  <ItemGroup>
    <Filter Include="Source Files">
      <UniqueIdentifier>{4FC737F1-C7A5-4376-A066-2A32D752A2FF}</UniqueIdentifier>
      <Extensions>cpp;c;cc;cxx;c++;cppm;ixx;def;odl;idl;hpj;bat;asm;asmx</Extensions>
    </Filter>
    <Filter Include="Header Files">
      <UniqueIdentifier>{93995380-89BD-4b04-88EB-625FBE52EBFB}</UniqueIdentifier>
      <Extensions>h;hh;hpp;hxx;h++;hm;inl;inc;ipp;xsd</Extensions>
    </Filter>
    <Filter Include="Resource Files">
      <UniqueIdentifier>{67DA6AB6-F800-4c08-8B7A-83BB121AAD01}</UniqueIdentifier>
      <Extensions>rc;ico;cur;bmp;dlg;rc2;rct;bin;rgs;gif;jpg;jpeg;jpe;resx;tiff;tif;png;wav;mfcribbon-ms</Extensions>
    </Filter>
  </ItemGroup>
  <ItemGroup>
    <ClCompile Include="Main.cpp">
      <Filter>Source Files</Filter>
    </ClCompile>
    <ClCompile Include="Framework\Library.cpp">
      <Filter>Source Files</Filter>
    </ClCompile>
    <ClCompile Include="Framework\Event.cpp">
      <Filter>Source Files</Filter>
    </ClCompile>
    <ClCompile Include="Framework\Exception.cpp">
      <Filter>Source Files</Filter>
    </ClCompile>
    <ClCompile Include="Framework\ScopedHandle.cpp">
      <Filter>Source Files</Filter>
    </ClCompile>
    <ClCompile Include="Framework\IWaitable.cpp">
      <Filter>Source Files</Filter>
    </ClCompile>
    <ClCompile Include="Framework\Mutex.cpp">
      <Filter>Source Files</Filter>
    </ClCompile>
    <ClCompile Include="Framework\Protections\AbortBehavior.cpp">
      <Filter>Source Files</Filter>
    </ClCompile>
    <ClCompile Include="Framework\Protections\ErrorMode.cpp">
      <Filter>Source Files</Filter>
    </ClCompile>
    <ClCompile Include="Framework\Protections\InvalidParameter.cpp">
      <Filter>Source Files</Filter>
    </ClCompile>
    <ClCompile Include="Framework\Protections\PureCall.cpp">
      <Filter>Source Files</Filter>
    </ClCompile>
    <ClCompile Include="Framework\Protections\StructuredExceptionTranslator.cpp">
      <Filter>Source Files</Filter>
    </ClCompile>
    <ClCompile Include="Framework\Protections\TerminationHandler.cpp">
      <Filter>Source Files</Filter>
    </ClCompile>
    <ClCompile Include="Framework\Protections\UnhandledExceptionFilter.cpp">
      <Filter>Source Files</Filter>
    </ClCompile>
  </ItemGroup>
  <ItemGroup>
    <ClInclude Include="Framework\Library.hpp">
      <Filter>Header Files</Filter>
    </ClInclude>
    <ClInclude Include="Framework\Event.hpp">
      <Filter>Header Files</Filter>
    </ClInclude>
    <ClInclude Include="Framework\Exception.hpp">
      <Filter>Header Files</Filter>
    </ClInclude>
    <ClInclude Include="Framework\ErrorCode.hpp">
      <Filter>Header Files</Filter>
    </ClInclude>
    <ClInclude Include="Framework\ScopedHandle.hpp">
      <Filter>Header Files</Filter>
    </ClInclude>
    <ClInclude Include="Framework\IWaitable.hpp">
      <Filter>Header Files</Filter>
    </ClInclude>
    <ClInclude Include="Framework\Mutex.hpp">
      <Filter>Header Files</Filter>
    </ClInclude>
    <ClInclude Include="Framework\Protections\AbortBehavior.hpp">
      <Filter>Header Files</Filter>
    </ClInclude>
    <ClInclude Include="Framework\Protections\EntryPointProtector.hpp">
      <Filter>Header Files</Filter>
    </ClInclude>
    <ClInclude Include="Framework\Protections\ErrorMode.hpp">
      <Filter>Header Files</Filter>
    </ClInclude>
    <ClInclude Include="Framework\Protections\LibraryProtector.hpp">
      <Filter>Header Files</Filter>
    </ClInclude>
    <ClInclude Include="Framework\Protections\InvalidParameter.hpp">
      <Filter>Header Files</Filter>
    </ClInclude>
    <ClInclude Include="Framework\Protections\ProgramProtector.hpp">
      <Filter>Header Files</Filter>
    </ClInclude>
    <ClInclude Include="Framework\Protections\PureCall.hpp">
      <Filter>Header Files</Filter>
    </ClInclude>
    <ClInclude Include="Framework\Protections\StructuredExceptionTranslator.hpp">
      <Filter>Header Files</Filter>
    </ClInclude>
    <ClInclude Include="Framework\Protections\TerminationHandler.hpp">
      <Filter>Header Files</Filter>
    </ClInclude>
    <ClInclude Include="Framework\Protections\UnhandledExceptionFilter.hpp">
      <Filter>Header Files</Filter>
    </ClInclude>
  </ItemGroup>
  <ItemGroup>
    <None Include="Source.def">
      <Filter>Source Files</Filter>
    </None>
  </ItemGroup>
</Project>